
Microsoft Visual Studio Solution File, Format Version 12.00
# Visual Studio Version 16
VisualStudioVersion = 16.0.810.7
MinimumVisualStudioVersion = 10.0.40219.1
Project("{FAE04EC0-301F-11D3-BF4B-00C04F79EFBC}") = "ExampleCalendar.Android", "ExampleCalendar.Android\ExampleCalendar.Android.csproj", "{8420AA6C-5FD9-4AF5-8465-D4ED09EFE849}"
EndProject
Project("{FAE04EC0-301F-11D3-BF4B-00C04F79EFBC}") = "ExampleCalendar.iOS", "ExampleCalendar.iOS\ExampleCalendar.iOS.csproj", "{2B5682B7-D7E3-4935-A3F0-B1522C2A27B2}"
EndProject
Project("{FAE04EC0-301F-11D3-BF4B-00C04F79EFBC}") = "ExampleCalendar", "ExampleCalendar\ExampleCalendar.csproj", "{D454329A-83BC-46CD-827B-A7CBBE18181C}"
EndProject
Global
	GlobalSection(SolutionConfigurationPlatforms) = preSolution
		Debug|Any CPU = Debug|Any CPU
		Release|Any CPU = Release|Any CPU
		Debug|iPhoneSimulator = Debug|iPhoneSimulator
		Release|iPhoneSimulator = Release|iPhoneSimulator
		Debug|iPhone = Debug|iPhone
		Release|iPhone = Release|iPhone
	EndGlobalSection
	GlobalSection(ProjectConfigurationPlatforms) = postSolution
		{8420AA6C-5FD9-4AF5-8465-D4ED09EFE849}.Debug|Any CPU.ActiveCfg = Debug|Any CPU
		{8420AA6C-5FD9-4AF5-8465-D4ED09EFE849}.Debug|Any CPU.Build.0 = Debug|Any CPU
		{8420AA6C-5FD9-4AF5-8465-D4ED09EFE849}.Release|Any CPU.ActiveCfg = Release|Any CPU
		{8420AA6C-5FD9-4AF5-8465-D4ED09EFE849}.Release|Any CPU.Build.0 = Release|Any CPU
		{8420AA6C-5FD9-4AF5-8465-D4ED09EFE849}.Debug|iPhoneSimulator.ActiveCfg = Debug|Any CPU
		{8420AA6C-5FD9-4AF5-8465-D4ED09EFE849}.Debug|iPhoneSimulator.Build.0 = Debug|Any CPU
		{8420AA6C-5FD9-4AF5-8465-D4ED09EFE849}.Release|iPhoneSimulator.ActiveCfg = Release|Any CPU
		{8420AA6C-5FD9-4AF5-8465-D4ED09EFE849}.Release|iPhoneSimulator.Build.0 = Release|Any CPU
		{8420AA6C-5FD9-4AF5-8465-D4ED09EFE849}.Debug|iPhone.ActiveCfg = Debug|Any CPU
		{8420AA6C-5FD9-4AF5-8465-D4ED09EFE849}.Debug|iPhone.Build.0 = Debug|Any CPU
		{8420AA6C-5FD9-4AF5-8465-D4ED09EFE849}.Release|iPhone.ActiveCfg = Release|Any CPU
		{8420AA6C-5FD9-4AF5-8465-D4ED09EFE849}.Release|iPhone.Build.0 = Release|Any CPU
		{2B5682B7-D7E3-4935-A3F0-B1522C2A27B2}.Debug|Any CPU.ActiveCfg = Debug|iPhoneSimulator
		{2B5682B7-D7E3-4935-A3F0-B1522C2A27B2}.Debug|Any CPU.Build.0 = Debug|iPhoneSimulator
		{2B5682B7-D7E3-4935-A3F0-B1522C2A27B2}.Release|Any CPU.ActiveCfg = Release|iPhoneSimulator
		{2B5682B7-D7E3-4935-A3F0-B1522C2A27B2}.Release|Any CPU.Build.0 = Release|iPhoneSimulator
		{2B5682B7-D7E3-4935-A3F0-B1522C2A27B2}.Debug|iPhoneSimulator.ActiveCfg = Debug|iPhoneSimulator
		{2B5682B7-D7E3-4935-A3F0-B1522C2A27B2}.Debug|iPhoneSimulator.Build.0 = Debug|iPhoneSimulator
		{2B5682B7-D7E3-4935-A3F0-B1522C2A27B2}.Release|iPhoneSimulator.ActiveCfg = Release|iPhoneSimulator
		{2B5682B7-D7E3-4935-A3F0-B1522C2A27B2}.Release|iPhoneSimulator.Build.0 = Release|iPhoneSimulator
		{2B5682B7-D7E3-4935-A3F0-B1522C2A27B2}.Debug|iPhone.ActiveCfg = Debug|iPhone
		{2B5682B7-D7E3-4935-A3F0-B1522C2A27B2}.Debug|iPhone.Build.0 = Debug|iPhone
		{2B5682B7-D7E3-4935-A3F0-B1522C2A27B2}.Release|iPhone.ActiveCfg = Release|iPhone
		{2B5682B7-D7E3-4935-A3F0-B1522C2A27B2}.Release|iPhone.Build.0 = Release|iPhone
		{D454329A-83BC-46CD-827B-A7CBBE18181C}.Debug|Any CPU.ActiveCfg = Debug|Any CPU
		{D454329A-83BC-46CD-827B-A7CBBE18181C}.Debug|Any CPU.Build.0 = Debug|Any CPU
		{D454329A-83BC-46CD-827B-A7CBBE18181C}.Release|Any CPU.ActiveCfg = Release|Any CPU
		{D454329A-83BC-46CD-827B-A7CBBE18181C}.Release|Any CPU.Build.0 = Release|Any CPU
		{D454329A-83BC-46CD-827B-A7CBBE18181C}.Debug|iPhoneSimulator.ActiveCfg = Debug|Any CPU
		{D454329A-83BC-46CD-827B-A7CBBE18181C}.Debug|iPhoneSimulator.Build.0 = Debug|Any CPU
		{D454329A-83BC-46CD-827B-A7CBBE18181C}.Release|iPhoneSimulator.ActiveCfg = Release|Any CPU
		{D454329A-83BC-46CD-827B-A7CBBE18181C}.Release|iPhoneSimulator.Build.0 = Release|Any CPU
		{D454329A-83BC-46CD-827B-A7CBBE18181C}.Debug|iPhone.ActiveCfg = Debug|Any CPU
		{D454329A-83BC-46CD-827B-A7CBBE18181C}.Debug|iPhone.Build.0 = Debug|Any CPU
		{D454329A-83BC-46CD-827B-A7CBBE18181C}.Release|iPhone.ActiveCfg = Release|Any CPU
		{D454329A-83BC-46CD-827B-A7CBBE18181C}.Release|iPhone.Build.0 = Release|Any CPU
	EndGlobalSection
	GlobalSection(SolutionProperties) = preSolution
		HideSolutionNode = FALSE
	EndGlobalSection
	GlobalSection(ExtensibilityGlobals) = postSolution
		SolutionGuid = {650796A0-145E-42A6-B644-F0AD83086099}
	EndGlobalSection
EndGlobal
